{
  "nodes": {
    "flake-utils": {
      "inputs": {
        "systems": "systems"
      },
      "locked": {
        "lastModified": 1731533236,
        "narHash": "sha256-l0KFg5HjrsfsO/JpG+r7fRrqm12kzFHyUHqHCVpMMbI=",
        "owner": "numtide",
        "repo": "flake-utils",
        "rev": "11707dc2f618dd54ca8739b309ec4fc024de578b",
        "type": "github"
      },
      "original": {
        "owner": "numtide",
        "repo": "flake-utils",
        "type": "github"
      }
    },
    "home-manager": {
      "inputs": {
        "nixpkgs": [
          "nixpkgs"
        ]
      },
      "locked": {
        "lastModified": 1772985280,
        "narHash": "sha256-FdrNykOoY9VStevU4zjSUdvsL9SzJTcXt4omdEDZDLk=",
        "owner": "nix-community",
        "repo": "home-manager",
        "rev": "8f736f007139d7f70752657dff6a401a585d6cbc",
        "type": "github"
      },
      "original": {
        "owner": "nix-community",
        "ref": "release-25.11",
        "repo": "home-manager",
        "type": "github"
      }
    },
    "kakaotalk": {
      "inputs": {
        "nixpkgs": [
          "nixpkgs-unstable"
        ]
      },
      "locked": {
        "lastModified": 1770987515,
        "narHash": "sha256-gDmpYiWTIehnd/rvGw5M6dy2gT5Ptvm9WUbLmvy4Quk=",
        "owner": "anaclumos",
        "repo": "kakaotalk.nix",
        "rev": "c1b985423f65cdc10a099338d9f0bccd695887ac",
        "type": "github"
      },
      "original": {
        "owner": "anaclumos",
        "repo": "kakaotalk.nix",
        "type": "github"
      }
    },
    "nixos-hardware": {
      "locked": {
        "lastModified": 1772972630,
        "narHash": "sha256-mUJxsNOrBMNOUJzN0pfdVJ1r2pxeqm9gI/yIKXzVVbk=",
        "owner": "NixOS",
        "repo": "nixos-hardware",
        "rev": "3966ce987e1a9a164205ac8259a5fe8a64528f72",
        "type": "github"
      },
      "original": {
        "owner": "NixOS",
        "ref": "master",
        "repo": "nixos-hardware",
        "type": "github"
      }
    },
    "nixpkgs": {
      "locked": {
        "lastModified": 1772822230,
        "narHash": "sha256-yf3iYLGbGVlIthlQIk5/4/EQDZNNEmuqKZkQssMljuw=",
        "owner": "nixos",
        "repo": "nixpkgs",
        "rev": "71caefce12ba78d84fe618cf61644dce01cf3a96",
        "type": "github"
      },
      "original": {
        "owner": "nixos",
        "ref": "nixos-25.11",
        "repo": "nixpkgs",
        "type": "github"
      }
    },
    "nixpkgs-unstable": {
      "locked": {
        "lastModified": 1772773019,
        "narHash": "sha256-E1bxHxNKfDoQUuvriG71+f+s/NT0qWkImXsYZNFFfCs=",
        "owner": "nixos",
        "repo": "nixpkgs",
        "rev": "aca4d95fce4914b3892661bcb80b8087293536c6",
        "type": "github"
      },
      "original": {
        "owner": "nixos",
        "ref": "nixos-unstable",
        "repo": "nixpkgs",
        "type": "github"
      }
    },
    "nixpkgs_2": {
      "locked": {
        "lastModified": 1772927210,
        "narHash": "sha256-FdRDRoV0jRTiPK5ID22BaUX5P0wdsclpxtIOjaEy9Lo=",
        "owner": "NixOS",
        "repo": "nixpkgs",
        "rev": "0e6cdd5be64608ef630c2e41f8d51d484468492f",
        "type": "github"
      },
      "original": {
        "owner": "NixOS",
        "ref": "nixpkgs-unstable",
        "repo": "nixpkgs",
        "type": "github"
      }
    },
    "root": {
      "inputs": {
        "home-manager": "home-manager",
        "kakaotalk": "kakaotalk",
        "nixos-hardware": "nixos-hardware",
        "nixpkgs": "nixpkgs",
        "nixpkgs-unstable": "nixpkgs-unstable",
        "sunghyun-sans": "sunghyun-sans",
        "tableplus": "tableplus"
      }
    },
    "sunghyun-sans": {
      "inputs": {
        "nixpkgs": "nixpkgs_2"
      },
      "locked": {
        "lastModified": 1772967483,
        "narHash": "sha256-CoPXWpbmF9N/0cj7EPixR/eKQ5sAxOc6Ga2hr8njsiI=",
        "owner": "anaclumos",
        "repo": "sunghyun-sans",
        "rev": "dff828f3f96d8c33080bbfd14bb80cb918c0b582",
        "type": "github"
      },
      "original": {
        "owner": "anaclumos",
        "repo": "sunghyun-sans",
        "type": "github"
      }
    },
    "systems": {
      "locked": {
        "lastModified": 1681028828,
        "narHash": "sha256-Vy1rq5AaRuLzOxct8nz4T6wlgyUR7zLU309k9mBC768=",
        "owner": "nix-systems",
        "repo": "default",
        "rev": "da67096a3b9bf56a91d16901293e51ba5b49a27e",
        "type": "github"
      },
      "original": {
        "owner": "nix-systems",
        "repo": "default",
        "type": "github"
      }
    },
    "tableplus": {
      "inputs": {
        "flake-utils": "flake-utils",
        "nixpkgs": [
          "nixpkgs-unstable"
        ]
      },
      "locked": {
        "lastModified": 1770983379,
        "narHash": "sha256-ZRwuhik9raUTZxM3ndCgzA9urMAxxfyDBznxfjLEZgM=",
        "owner": "anaclumos",
        "repo": "tableplus.nix",
        "rev": "45eee33f128a956f2f667980bdbe89820edd7e2c",
        "type": "github"
      },
      "original": {
        "owner": "anaclumos",
        "repo": "tableplus.nix",
        "type": "github"
      }
    }
  },
  "root": "root",
  "version": 7
}
